{
  "requires": true,
  "lockfileVersion": 1,
  "dependencies": {
    "assemblyscript-json": {
      "version": "github:nearprotocol/assemblyscript-json#d2ddd6549663c72d6a02fce72b76824753e83415",
      "from": "github:nearprotocol/assemblyscript-json#staging"
    },
    "bignum": {
      "version": "github:MaxGraey/bignum.wasm#bd8229e58f3975b450c9172b1496473b68437a6d",
      "from": "github:MaxGraey/bignum.wasm"
    },
    "near-runtime-ts": {
      "version": "file:..",
      "requires": {
        "assemblyscript-json": "github:nearprotocol/assemblyscript-json#staging",
        "bignum": "github:MaxGraey/bignum.wasm"
      }
    }
  }
}
