# THIS IS AN AUTOGENERATED FILE. DO NOT EDIT THIS FILE DIRECTLY.
# yarn lockfile v1


as-bignum@^0.1.5:
  version "0.1.5"
  resolved "https://registry.yarnpkg.com/as-bignum/-/as-bignum-0.1.5.tgz#e97a46a175644c277ecfe17d3850a63b6e55ac44"
  integrity sha512-lv0ZOxtBReuCq6wpXUtjm6Mrj7CQn+qdSgF/O7yh553aH4FRrRaUXp/ywfSNMoiPK7AJ47f9gcKs0Toi5H84iA==

assemblyscript-json@^0.3.0:
  version "0.3.0"
  resolved "https://registry.yarnpkg.com/assemblyscript-json/-/assemblyscript-json-0.3.0.tgz#f44e4001ecf8db5816bf74d2ef34868ec80e2867"
  integrity sha512-CW05xrcMQ2mQUXj84Nq8KESyMHn5x+Z4NUwRQveUhWpWwPu7zp8oLNMLb5lKJ8CgRXmE8lxYSfe3/867sN+qRA==

near-runtime-ts@../:
  version "0.6.1"
  dependencies:
    as-bignum "^0.1.5"
    assemblyscript-json "^0.3.0"
