# THIS IS AN AUTOGENERATED FILE. DO NOT EDIT THIS FILE DIRECTLY.
# yarn lockfile v1


assemblyscript-json@0.2.0:
  version "0.2.0"
  resolved "https://registry.yarnpkg.com/assemblyscript-json/-/assemblyscript-json-0.2.0.tgz#e308c469547d26c7e9a7ef670a83b67061c7401c"
  integrity sha512-feJLBrec5O600QytfpkFb9oUYc+rANwtEUuSfIxVmjGcup4uR42maQTWOuIv8w/YOsHDMYHTXCwPQsuCynrwKA==

"bignum@github:MaxGraey/bignum.wasm":
  version "0.1.1"
  resolved "https://codeload.github.com/MaxGraey/bignum.wasm/tar.gz/2cb97539d8a92e3b82ad8aec2c5159d3d86d2578"

near-runtime-ts@^0.3.1:
  version "0.3.1"
  resolved "https://registry.yarnpkg.com/near-runtime-ts/-/near-runtime-ts-0.3.1.tgz#9c79215d0354d6e46f7a8fd61f9421a06216d8af"
  integrity sha512-bEnjyF42jNyJAhNo8JFMKaiPznrUAQpFk5fit0EAY6rDEwl1StW4w9rYguTbXLeWFoRivBSewgw8M/cFRNb2ng==
  dependencies:
    assemblyscript-json "0.2.0"
    bignum "github:MaxGraey/bignum.wasm"
