# THIS IS AN AUTOGENERATED FILE. DO NOT EDIT THIS FILE DIRECTLY.
# yarn lockfile v1


lodash.clonedeep@^4.5.0:
  version "4.5.0"
  resolved "https://registry.yarnpkg.com/lodash.clonedeep/-/lodash.clonedeep-4.5.0.tgz#e23f3f9c4f8fbdde872529c1071857a086e5ccef"
  integrity sha1-4j8/nE+Pvd6HJSnBBxhXoIblzO8=

ts-mixer@^5.4.1:
  version "5.4.1"
  resolved "https://registry.yarnpkg.com/ts-mixer/-/ts-mixer-5.4.1.tgz#b90db9ced48531aa17ce9184a2890d1e3c99b1e5"
  integrity sha512-Zo9HgPCtNouDgJ+LGtrzVOjSg8+7WGQktIKLwAfaNrlOK1mWGlz1ejsAF/YqUEqAGjUTeB5fEg8gH9Aui6w9xA==

visitor-as@^0.7.0-1:
  version "0.7.0-2"
  resolved "https://registry.yarnpkg.com/visitor-as/-/visitor-as-0.7.0-2.tgz#28f1c51801a677f14c4487c78a85ad541cfe382d"
  integrity sha512-JDviqVnGn8i5qafLYuZUGlNeyc/8STIBnmNiXizvHO29xxJDaHNHxbr4Gh+9ksIJvMh9TNQKBeSyT2tldNbpJw==
  dependencies:
    lodash.clonedeep "^4.5.0"
    ts-mixer "^5.4.1"
